
Microsoft Visual Studio Solution File, Format Version 12.00
# Visual Studio Version 17
VisualStudioVersion = 17.3.32519.111
MinimumVisualStudioVersion = 10.0.40219.1
Project("{9A19103F-16F7-4668-BE54-9A1E7A4F7556}") = "Marketplace.Wasm", "Marketplace.Wasm\Marketplace.Wasm.csproj", "{BBEF0F1B-F19C-4011-A2A2-E84FB1733653}"
EndProject
Project("{FAE04EC0-301F-11D3-BF4B-00C04F79EFBC}") = "ERC721ContractLibrary", "ERC721ContractLibrary\ERC721ContractLibrary.csproj", "{8CEFFCB5-1BD4-421E-BC79-054075442F0F}"
EndProject
Project("{FAE04EC0-301F-11D3-BF4B-00C04F79EFBC}") = "ERC721ContractLibrary.Testing", "ERC721ContractLibrary.Testing\ERC721ContractLibrary.Testing.csproj", "{C47CE8A0-94A6-456A-AD42-98940058E1F0}"
EndProject
Project("{FAE04EC0-301F-11D3-BF4B-00C04F79EFBC}") = "Nethereum.XUnitEthereumClients", "Nethereum.XUnitEthereumClients\Nethereum.XUnitEthereumClients.csproj", "{B70D0283-7A4B-405E-94E8-A18C50D49295}"
EndProject
Project("{2150E333-8FDC-42A3-9474-1A3956D46DE8}") = "Solution Items", "Solution Items", "{D4FDA939-F13E-4A10-9D4D-F25D8E5320B6}"
	ProjectSection(SolutionItems) = preProject
		contracts\MyERC1155.sol = contracts\MyERC1155.sol
	EndProjectSection
EndProject
Global
	GlobalSection(SolutionConfigurationPlatforms) = preSolution
		Debug|Any CPU = Debug|Any CPU
		Release|Any CPU = Release|Any CPU
	EndGlobalSection
	GlobalSection(ProjectConfigurationPlatforms) = postSolution
		{3F07F72E-2405-46C0-9FF8-7D1CDFB5AEA4}.Debug|Any CPU.ActiveCfg = Debug|Any CPU
		{3F07F72E-2405-46C0-9FF8-7D1CDFB5AEA4}.Debug|Any CPU.Build.0 = Debug|Any CPU
		{3F07F72E-2405-46C0-9FF8-7D1CDFB5AEA4}.Release|Any CPU.ActiveCfg = Release|Any CPU
		{3F07F72E-2405-46C0-9FF8-7D1CDFB5AEA4}.Release|Any CPU.Build.0 = Release|Any CPU
		{BBEF0F1B-F19C-4011-A2A2-E84FB1733653}.Debug|Any CPU.ActiveCfg = Debug|Any CPU
		{BBEF0F1B-F19C-4011-A2A2-E84FB1733653}.Debug|Any CPU.Build.0 = Debug|Any CPU
		{BBEF0F1B-F19C-4011-A2A2-E84FB1733653}.Release|Any CPU.ActiveCfg = Release|Any CPU
		{BBEF0F1B-F19C-4011-A2A2-E84FB1733653}.Release|Any CPU.Build.0 = Release|Any CPU
		{8CEFFCB5-1BD4-421E-BC79-054075442F0F}.Debug|Any CPU.ActiveCfg = Debug|Any CPU
		{8CEFFCB5-1BD4-421E-BC79-054075442F0F}.Debug|Any CPU.Build.0 = Debug|Any CPU
		{8CEFFCB5-1BD4-421E-BC79-054075442F0F}.Release|Any CPU.ActiveCfg = Release|Any CPU
		{8CEFFCB5-1BD4-421E-BC79-054075442F0F}.Release|Any CPU.Build.0 = Release|Any CPU
		{C47CE8A0-94A6-456A-AD42-98940058E1F0}.Debug|Any CPU.ActiveCfg = Debug|Any CPU
		{C47CE8A0-94A6-456A-AD42-98940058E1F0}.Debug|Any CPU.Build.0 = Debug|Any CPU
		{C47CE8A0-94A6-456A-AD42-98940058E1F0}.Release|Any CPU.ActiveCfg = Release|Any CPU
		{C47CE8A0-94A6-456A-AD42-98940058E1F0}.Release|Any CPU.Build.0 = Release|Any CPU
		{B70D0283-7A4B-405E-94E8-A18C50D49295}.Debug|Any CPU.ActiveCfg = Debug|Any CPU
		{B70D0283-7A4B-405E-94E8-A18C50D49295}.Debug|Any CPU.Build.0 = Debug|Any CPU
		{B70D0283-7A4B-405E-94E8-A18C50D49295}.Release|Any CPU.ActiveCfg = Release|Any CPU
		{B70D0283-7A4B-405E-94E8-A18C50D49295}.Release|Any CPU.Build.0 = Release|Any CPU
	EndGlobalSection
	GlobalSection(SolutionProperties) = preSolution
		HideSolutionNode = FALSE
	EndGlobalSection
	GlobalSection(ExtensibilityGlobals) = postSolution
		SolutionGuid = {649AA85A-ED5E-4E04-81A6-5BEBCEF3771E}
	EndGlobalSection
EndGlobal
